<Project xmlns="http://schemas.microsoft.com/developer/msbuild/2003">
    <PropertyGroup>
        <ProjectGuid>{DFFD81F4-827D-4C7F-B4A5-88DA2E6F5DDC}</ProjectGuid>
        <MainSource>DeepBaseTests.dpr</MainSource>
        <Base>True</Base>
        <Config Condition="'$(Config)'==''">Debug</Config>
        <ProjectName Condition="'$(ProjectName)'==''">DeepBaseTests</ProjectName>
        <TargetedPlatforms>1</TargetedPlatforms>
        <AppType>Console</AppType>
        <FrameworkType>None</FrameworkType>
        <ProjectVersion>20.2</ProjectVersion>
        <Platform Condition="'$(Platform)'==''">Win32</Platform>
    </PropertyGroup>
    <PropertyGroup Condition="'$(Config)'=='Base' or '$(Base)'!=''">
        <Base>true</Base>
    </PropertyGroup>
    <PropertyGroup Condition="'$(Platform)'=='Win32'">
        <DCC_DCUOutput>..\TestResults\dcu32</DCC_DCUOutput>
        <DCC_DcuOutput>..\TestResults\dcu32</DCC_DcuOutput>
    </PropertyGroup>
    <PropertyGroup Condition="'$(Platform)'=='Win64' or '$(Platform)'=='Win64x'">
        <DCC_DCUOutput>..\TestResults\dcu64</DCC_DCUOutput>
        <DCC_DcuOutput>..\TestResults\dcu64</DCC_DcuOutput>
    </PropertyGroup>
    <PropertyGroup Condition="('$(Platform)'=='Win32' and '$(Base)'=='true') or '$(Base_Win32)'!=''">
        <Base_Win32>true</Base_Win32>
        <CfgParent>Base</CfgParent>
        <Base>true</Base>
    </PropertyGroup>
    <PropertyGroup Condition="'$(Config)'=='Release' or '$(Cfg_1)'!=''">
        <Cfg_1>true</Cfg_1>
        <CfgParent>Base</CfgParent>
        <Base>true</Base>
    </PropertyGroup>
    <PropertyGroup Condition="'$(Config)'=='Debug' or '$(Cfg_2)'!=''">
        <Cfg_2>true</Cfg_2>
        <CfgParent>Base</CfgParent>
        <Base>true</Base>
    </PropertyGroup>
    <PropertyGroup Condition="'$(Base)'!=''">
        <DCC_E>false</DCC_E>
        <DCC_F>false</DCC_F>
        <DCC_K>false</DCC_K>
        <DCC_N>false</DCC_N>
        <DCC_S>false</DCC_S>
        <DCC_UnitSearchPath>..\Persistence;..\Core;..\Features;..\VCL;..\ThirdParty\Social;..\ThirdParty\Payment;..\Tools\CLI;$(DCC_UnitSearchPath)</DCC_UnitSearchPath>
        <DCC_ImageBase>00400000</DCC_ImageBase>
        <SanitizedProjectName>DeepBaseTests</SanitizedProjectName>
        <VerInfo_Locale>2052</VerInfo_Locale>
        <VerInfo_Keys>CompanyName=;FileDescription=;FileVersion=1.0.0.0;InternalName=;LegalCopyright=;LegalTrademarks=;OriginalFilename=;ProductName=;ProductVersion=1.0.0.0;Comments=;CFBundleName=</VerInfo_Keys>
        <DCC_Namespace>System;Xml;Data;Datasnap;Web;Soap;$(DCC_Namespace)</DCC_Namespace>
        <Icon_MainIcon>$(BDS)\bin\delphi_PROJECTICON.ico</Icon_MainIcon>
        <Icns_MainIcns>$(BDS)\bin\delphi_PROJECTICNS.icns</Icns_MainIcns>
    </PropertyGroup>
    <PropertyGroup Condition="'$(Base_Win32)'!=''">
        <DCC_Namespace>Winapi;System.Win;Data.Win;Datasnap.Win;Web.Win;Soap.Win;Xml.Win;Bde;$(DCC_Namespace)</DCC_Namespace>
        <BT_BuildType>Debug</BT_BuildType>
        <VerInfo_Keys>CompanyName=;FileDescription=$(MSBuildProjectName);FileVersion=1.0.0.0;InternalName=;LegalCopyright=;LegalTrademarks=;OriginalFilename=;ProductName=$(MSBuildProjectName);ProductVersion=1.0.0.0;Comments=;ProgramID=com.embarcadero.$(MSBuildProjectName)</VerInfo_Keys>
        <VerInfo_Locale>1033</VerInfo_Locale>
    </PropertyGroup>
    <PropertyGroup Condition="'$(Cfg_1)'!=''">
        <DCC_Define>RELEASE;$(DCC_Define)</DCC_Define>
        <DCC_DebugInformation>0</DCC_DebugInformation>
        <DCC_LocalDebugSymbols>false</DCC_LocalDebugSymbols>
        <DCC_SymbolReferenceInfo>0</DCC_SymbolReferenceInfo>
    </PropertyGroup>
    <PropertyGroup Condition="'$(Cfg_2)'!=''">
        <DCC_Define>DEBUG;$(DCC_Define)</DCC_Define>
        <DCC_Optimize>false</DCC_Optimize>
        <DCC_GenerateStackFrames>true</DCC_GenerateStackFrames>
        <DCC_RangeChecking>true</DCC_RangeChecking>
        <DCC_IntegerOverflowCheck>true</DCC_IntegerOverflowCheck>
    </PropertyGroup>
    <ItemGroup>
        <DelphiCompile Include="$(MainSource)">
            <MainSource>MainSource</MainSource>
        </DelphiCompile>
        <DCCReference Include="Test.DeepBase.Manager.pas"/>
        <DCCReference Include="..\Core\DeepBase.Types.pas"/>
        <DCCReference Include="..\Core\DeepBase.Manager.pas"/>
        <DCCReference Include="..\Core\DeepBase.Config.pas"/>
        <DCCReference Include="..\Core\DeepBase.i18n.pas"/>
        <DCCReference Include="..\Core\DeepBase.FormState.pas"/>
        <DCCReference Include="..\Core\DeepBase.Logging.pas"/>
        <DCCReference Include="..\Core\DeepBase.MRU.pas"/>
        <DCCReference Include="..\Core\DeepBase.Hotkeys.pas"/>
        <DCCReference Include="..\Core\DeepBase.Theme.pas"/>
        <DCCReference Include="..\Core\DeepBase.License.pas"/>
        <DCCReference Include="..\Persistence\DeepBase.DB.DoQry.pas"/>
        <DCCReference Include="Test.DeepBase.DB.DoQry.pas"/>
        <DCCReference Include="..\ThirdParty\Social\DeepBase.Social.OAuth.pas"/>
        <DCCReference Include="..\ThirdParty\Social\DeepBase.Social.WeChat.pas"/>
        <DCCReference Include="..\ThirdParty\Social\DeepBase.Social.Weibo.pas"/>
        <DCCReference Include="..\ThirdParty\Social\DeepBase.Social.QQ.pas"/>
        <DCCReference Include="..\Core\DeepBase.ObjectPool.pas"/>
        <DCCReference Include="Test.DeepBase.ObjectPool.pas"/>
        <DCCReference Include="..\Features\DeepBase.Speech.Types.pas"/>
        <DCCReference Include="..\Features\DeepBase.Speech.VAD.pas"/>
        <DCCReference Include="..\Features\DeepBase.Speech.Audio.WinMM.pas"/>
        <DCCReference Include="..\Features\DeepBase.Speech.ASR.Baidu.pas"/>
        <DCCReference Include="..\Features\DeepBase.Speech.Service.pas"/>
        <DCCReference Include="..\Features\DeepBase.Speech.MFCC.pas"/>
        <DCCReference Include="Test.DeepBase.Speech.pas"/>
        <DCCReference Include="Test.DeepBase.Speech.MFCC.pas"/>
        <DCCReference Include="..\Features\DeepBase.IntentClarification.pas"/>
        <DCCReference Include="..\Features\DeepBase.IntentClarification.Logging.pas"/>
        <DCCReference Include="..\Features\DeepBase.IntentClarification.Types.pas"/>
        <DCCReference Include="..\Features\DeepBase.IntentClarification.Interfaces.pas"/>
        <DCCReference Include="..\Features\DeepBase.IntentClarification.Engine.pas"/>
        <DCCReference Include="..\Features\DeepBase.IntentClarification.IoC.pas"/>
        <DCCReference Include="..\Features\DeepBase.IntentClarification.Provider.L0.pas"/>
        <DCCReference Include="..\Features\DeepBase.IntentClarification.Provider.L1.pas"/>
        <DCCReference Include="..\Features\DeepBase.IntentClarification.Provider.L2.pas"/>
        <DCCReference Include="..\Features\DeepBase.IntentClarification.Provider.L3.pas"/>
        <DCCReference Include="..\Features\DeepBase.IntentClarification.Provider.L4.pas"/>
        <DCCReference Include="..\Features\DeepBase.IntentClarification.Session.pas"/>
        <DCCReference Include="..\Features\DeepBase.IntentClarification.SessionFSM.pas"/>
        <DCCReference Include="..\Features\DeepBase.IntentClarification.Router.pas"/>
        <DCCReference Include="..\Features\DeepBase.IntentClarification.SignalDetector.pas"/>
        <DCCReference Include="..\Features\DeepBase.IntentClarification.Budget.pas"/>
        <DCCReference Include="..\Features\DeepBase.IntentClarification.Exit.pas"/>
        <DCCReference Include="..\Features\DeepBase.IntentClarification.OptionFrame.pas"/>
        <DCCReference Include="..\Features\DeepBase.IntentClarification.Storage.pas"/>
        <DCCReference Include="..\Features\DeepBase.IntentClarification.Metrics.pas"/>
        <DCCReference Include="..\Features\DeepBase.IntentClarification.FeatureConfig.pas"/>
        <DCCReference Include="..\Features\DeepBase.IntentClarification.Templates.pas"/>
        <DCCReference Include="..\Features\DeepBase.IntentClarification.Validation.pas"/>
        <DCCReference Include="..\Features\DeepBase.IntentClarification.LLMResilience.pas"/>
        <DCCReference Include="..\Features\DeepBase.IntentClarification.Anticipation.pas"/>
        <DCCReference Include="..\Features\DeepBase.IntentClarification.Degradation.pas"/>
        <DCCReference Include="..\Features\DeepBase.IntentClarification.Moments.pas"/>
        <DCCReference Include="..\Features\DeepBase.IntentClarification.Rapport.pas"/>
        <DCCReference Include="..\Features\DeepBase.IntentClarification.Registration.pas"/>
        <DCCReference Include="Test.DeepBase.IntentClarification.pas"/>
        <DCCReference Include="Test.DeepBase.IntentClarification.Integration.pas"/>
        <DCCReference Include="..\Features\DeepBase.BrowserAutomation.pas"/>
        <DCCReference Include="..\Features\DeepBase.Browser.PageDriver.pas"/>
        <DCCReference Include="Test.DeepBase.BrowserAutomation.pas"/>
        <DCCReference Include="Test.DeepBase.Browser.PageDriver.pas"/>
        <DCCReference Include="Architecture\Test.Arch.PackageBoundaries.pas"/>
        <DCCReference Include="..\Core\DeepBase.AutoFix.StackWalker.pas"/>
        <DCCReference Include="..\Core\DeepBase.AutoFix.ErrorRecorder.pas"/>
        <DCCReference Include="..\Core\DeepBase.AutoFix.HealthSignal.pas"/>
        <DCCReference Include="..\Core\DeepBase.AutoFix.ScenarioRunner.pas"/>
        <DCCReference Include="..\Core\DeepBase.AutoFix.SelfTerminator.pas"/>
        <DCCReference Include="..\Core\DeepBase.AutoFix.pas"/>
        <DCCReference Include="AutoFix\Test.DeepBase.AutoFix.ErrorRecorder.pas"/>
        <DCCReference Include="AutoFix\Test.DeepBase.AutoFix.StackWalker.pas"/>
        <DCCReference Include="AutoFix\Test.DeepBase.AutoFix.HealthSignal.pas"/>
        <DCCReference Include="AutoFix\Test.DeepBase.AutoFix.ScenarioRunner.pas"/>
        <DCCReference Include="..\Core\DeepBase.Security.SecretStore.pas"/>
        <DCCReference Include="Test.DeepBase.LLM.Schema.PBT.pas"/>
        <DCCReference Include="Test.DeepBase.Security.SecretStore.pas"/>
        <DCCReference Include="Test.DeepBase.IntentClarification.PBT.pas"/>
        <DCCReference Include="Test.DeepBase.Graph.PBT.pas"/>
        <DCCReference Include="Test.DeepBase.Encoding.Fix.PBT.pas"/>
        <DCCReference Include="Test.DeepBase.VCL.DeepShell.Settings.PBT.pas"/>
        <DCCReference Include="Test.DeepBase.VCL.DeepShell.Commands.PBT.pas"/>
        <DCCReference Include="..\Core\DeepBase.SQL.Utils.pas"/>
        <DCCReference Include="..\Persistence\DeepBase.DB.Guardian.pas"/>
        <DCCReference Include="Test.DeepBase.Crypto.PBT.pas"/>
        <DCCReference Include="Test.DeepBase.SQL.Security.PBT.pas"/>
        <DCCReference Include="Test.DeepBase.Commerce.Adapter.PBT.pas"/>
        <DCCReference Include="Test.DeepBase.StateMachine.PBT.pas"/>
        <DCCReference Include="Test.DeepBase.Resilience.CircuitBreaker.PBT.pas"/>
        <DCCReference Include="Test.DeepBase.EventBus.PBT.pas"/>
        <DCCReference Include="Test.DeepBase.Cache.PBT.pas"/>
        <DCCReference Include="Test.DeepBase.Commerce.Enum.PBT.pas"/>
        <DCCReference Include="Test.DeepBase.Browser.Contract.PBT.pas"/>
        <DCCReference Include="Test.DeepBase.IntentClarification.SignalDetector.PBT.pas"/>
        <DCCReference Include="Test.DeepBase.Speech.Performance.PBT.pas"/>
        <DCCReference Include="Test.DeepBase.Resilience.Timeout.PBT.pas"/>
        <DCCReference Include="Test.DeepBase.DB.Pool.PBT.pas"/>
        <DCCReference Include="Test.DeepBase.Commerce.Service.PBT.pas"/>
        <DCCReference Include="Test.DeepBase.Config.PBT.pas"/>
        <DCCReference Include="Test.DeepBase.DB.ConnectionPool.PBT.pas"/>
        <DCCReference Include="Test.DeepBase.DB.Upsert.PBT.pas"/>
        <DCCReference Include="Test.DeepBase.Net.Streaming.PBT.pas"/>
        <DCCReference Include="Test.DeepBase.Browser.ResponseWaiter.PBT.pas"/>
        <DCCReference Include="Test.DeepBase.DeepFlow.PBT.pas"/>
        <DCCReference Include="Test.DeepBase.IntentClarification.Concurrent.PBT.pas"/>
        <DCCReference Include="Test.DeepBase.DeepShell.EventBus.PBT.pas"/>
        <DCCReference Include="Test.DeepBase.DeepShell.ThemeDispatch.PBT.pas"/>
        <DCCReference Include="..\Governance\DeepBase.Governance.Types.pas"/>
        <DCCReference Include="..\Governance\DeepBase.Governance.Interfaces.pas"/>
        <DCCReference Include="..\Governance\DeepBase.Governance.Model.pas"/>
        <DCCReference Include="..\Governance\DeepBase.Governance.JsonLogic.pas"/>
        <DCCReference Include="..\Governance\DeepBase.Governance.KeyResolver.pas"/>
        <DCCReference Include="..\Governance\DeepBase.Governance.RouteResolver.pas"/>
        <DCCReference Include="..\Governance\DeepBase.Governance.ActionGrid.pas"/>
        <DCCReference Include="..\Governance\DeepBase.Governance.Validation.pas"/>
        <DCCReference Include="Test.DeepBase.IntentClarification.Round2.PBT.pas"/>
        <DCCReference Include="Test.DeepBase.Governance.PBT.pas"/>
        <DCCReference Include="Test.DeepBase.Inference.PBT.pas"/>
        <BuildConfiguration Include="Base">
            <Key>Base</Key>
        </BuildConfiguration>
        <BuildConfiguration Include="Release">
            <Key>Cfg_1</Key>
            <CfgParent>Base</CfgParent>
        </BuildConfiguration>
        <BuildConfiguration Include="Debug">
            <Key>Cfg_2</Key>
            <CfgParent>Base</CfgParent>
        </BuildConfiguration>
    </ItemGroup>
    <ProjectExtensions>
        <Borland.Personality>Delphi.Personality.12</Borland.Personality>
        <Borland.ProjectType/>
        <BorlandProject>
            <Delphi.Personality>
                <Source>
                    <Source Name="MainSource">DeepBaseTests.dpr</Source>
                </Source>
            </Delphi.Personality>
            <Platforms>
                <Platform value="Win32">True</Platform>
                <Platform value="Win64">False</Platform>
            </Platforms>
        </BorlandProject>
        <ProjectFileVersion>12</ProjectFileVersion>
    </ProjectExtensions>
    <Import Project="$(BDS)\Bin\CodeGear.Delphi.Targets" Condition="Exists('$(BDS)\Bin\CodeGear.Delphi.Targets')"/>
    <Import Project="$(APPDATA)\Embarcadero\$(BDSAPPDATABASEDIR)\$(PRODUCTVERSION)\UserTools.proj" Condition="Exists('$(APPDATA)\Embarcadero\$(BDSAPPDATABASEDIR)\$(PRODUCTVERSION)\UserTools.proj')"/>
</Project>
